// !$*UTF8*$!
{
	archiveVersion = 1;
	classes = {
	};
	objectVersion = 52;
	objects = {

/* Begin PBXBuildFile section */
		44AAC96E287D018A004279BB /* MovieCell.swift in Sources */ = {isa = PBXBuildFile; fileRef = 44AAC96C287D018A004279BB /* MovieCell.swift */; };
		44AAC96F287D018A004279BB /* MovieCell.xib in Resources */ = {isa = PBXBuildFile; fileRef = 44AAC96D287D018A004279BB /* MovieCell.xib */; };
		44D64513287507CC00B1CCFA /* AppDelegate.swift in Sources */ = {isa = PBXBuildFile; fileRef = 44D64512287507CC00B1CCFA /* AppDelegate.swift */; };
		44D64515287507CC00B1CCFA /* SceneDelegate.swift in Sources */ = {isa = PBXBuildFile; fileRef = 44D64514287507CC00B1CCFA /* SceneDelegate.swift */; };
		44D6451C287507CE00B1CCFA /* Assets.xcassets in Resources */ = {isa = PBXBuildFile; fileRef = 44D6451B287507CE00B1CCFA /* Assets.xcassets */; };
		44D6451F287507CE00B1CCFA /* LaunchScreen.storyboard in Resources */ = {isa = PBXBuildFile; fileRef = 44D6451D287507CE00B1CCFA /* LaunchScreen.storyboard */; };
		44D645362875113900B1CCFA /* LoginViewController.swift in Sources */ = {isa = PBXBuildFile; fileRef = 44D645352875113900B1CCFA /* LoginViewController.swift */; };
		44D645392875117B00B1CCFA /* LoginViewModel.swift in Sources */ = {isa = PBXBuildFile; fileRef = 44D645382875117B00B1CCFA /* LoginViewModel.swift */; };
		44D6453C287511A400B1CCFA /* LoginView.xib in Resources */ = {isa = PBXBuildFile; fileRef = 44D6453B287511A400B1CCFA /* LoginView.xib */; };
		44D6453F287511DB00B1CCFA /* MovieListViewController.swift in Sources */ = {isa = PBXBuildFile; fileRef = 44D6453E287511DB00B1CCFA /* MovieListViewController.swift */; };
		44D64542287511EB00B1CCFA /* MovieListViewModel.swift in Sources */ = {isa = PBXBuildFile; fileRef = 44D64541287511EB00B1CCFA /* MovieListViewModel.swift */; };
		44D64545287511F600B1CCFA /* MovieListView.xib in Resources */ = {isa = PBXBuildFile; fileRef = 44D64544287511F600B1CCFA /* MovieListView.xib */; };
		44D645482875120700B1CCFA /* MovieDetailViewController.swift in Sources */ = {isa = PBXBuildFile; fileRef = 44D645472875120700B1CCFA /* MovieDetailViewController.swift */; };
		44D6454B2875121B00B1CCFA /* MovieDetailViewModel.swift in Sources */ = {isa = PBXBuildFile; fileRef = 44D6454A2875121B00B1CCFA /* MovieDetailViewModel.swift */; };
		44D6454E2875122E00B1CCFA /* MovieDetailView.xib in Resources */ = {isa = PBXBuildFile; fileRef = 44D6454D2875122E00B1CCFA /* MovieDetailView.xib */; };
		44DD8432287F8FCC0051E2B6 /* Alamofire in Frameworks */ = {isa = PBXBuildFile; productRef = 44DD8431287F8FCC0051E2B6 /* Alamofire */; };
		44DD8435287F959F0051E2B6 /* PopularMovie.swift in Sources */ = {isa = PBXBuildFile; fileRef = 44DD8434287F959F0051E2B6 /* PopularMovie.swift */; };
		44DD8444287FA28F0051E2B6 /* CallService.swift in Sources */ = {isa = PBXBuildFile; fileRef = 44DD8443287FA28F0051E2B6 /* CallService.swift */; };
		44DD84472883768E0051E2B6 /* MovieDetail.swift in Sources */ = {isa = PBXBuildFile; fileRef = 44DD84462883768E0051E2B6 /* MovieDetail.swift */; };
/* End PBXBuildFile section */

/* Begin PBXFileReference section */
		44AAC96C287D018A004279BB /* MovieCell.swift */ = {isa = PBXFileReference; lastKnownFileType = sourcecode.swift; path = MovieCell.swift; sourceTree = "<group>"; };
		44AAC96D287D018A004279BB /* MovieCell.xib */ = {isa = PBXFileReference; lastKnownFileType = file.xib; path = MovieCell.xib; sourceTree = "<group>"; };
		44D6450F287507CC00B1CCFA /* Movies App.app */ = {isa = PBXFileReference; explicitFileType = wrapper.application; includeInIndex = 0; path = "Movies App.app"; sourceTree = BUILT_PRODUCTS_DIR; };
		44D64512287507CC00B1CCFA /* AppDelegate.swift */ = {isa = PBXFileReference; lastKnownFileType = sourcecode.swift; path = AppDelegate.swift; sourceTree = "<group>"; };
		44D64514287507CC00B1CCFA /* SceneDelegate.swift */ = {isa = PBXFileReference; lastKnownFileType = sourcecode.swift; path = SceneDelegate.swift; sourceTree = "<group>"; };
		44D6451B287507CE00B1CCFA /* Assets.xcassets */ = {isa = PBXFileReference; lastKnownFileType = folder.assetcatalog; path = Assets.xcassets; sourceTree = "<group>"; };
		44D6451E287507CE00B1CCFA /* Base */ = {isa = PBXFileReference; lastKnownFileType = file.storyboard; name = Base; path = Base.lproj/LaunchScreen.storyboard; sourceTree = "<group>"; };
		44D64520287507CE00B1CCFA /* Info.plist */ = {isa = PBXFileReference; lastKnownFileType = text.plist.xml; path = Info.plist; sourceTree = "<group>"; };
		44D645352875113900B1CCFA /* LoginViewController.swift */ = {isa = PBXFileReference; lastKnownFileType = sourcecode.swift; path = LoginViewController.swift; sourceTree = "<group>"; };
		44D645382875117B00B1CCFA /* LoginViewModel.swift */ = {isa = PBXFileReference; lastKnownFileType = sourcecode.swift; path = LoginViewModel.swift; sourceTree = "<group>"; };
		44D6453B287511A400B1CCFA /* LoginView.xib */ = {isa = PBXFileReference; lastKnownFileType = file.xib; path = LoginView.xib; sourceTree = "<group>"; };
		44D6453E287511DB00B1CCFA /* MovieListViewController.swift */ = {isa = PBXFileReference; lastKnownFileType = sourcecode.swift; path = MovieListViewController.swift; sourceTree = "<group>"; };
		44D64541287511EB00B1CCFA /* MovieListViewModel.swift */ = {isa = PBXFileReference; lastKnownFileType = sourcecode.swift; path = MovieListViewModel.swift; sourceTree = "<group>"; };
		44D64544287511F600B1CCFA /* MovieListView.xib */ = {isa = PBXFileReference; lastKnownFileType = file.xib; path = MovieListView.xib; sourceTree = "<group>"; };
		44D645472875120700B1CCFA /* MovieDetailViewController.swift */ = {isa = PBXFileReference; lastKnownFileType = sourcecode.swift; path = MovieDetailViewController.swift; sourceTree = "<group>"; };
		44D6454A2875121B00B1CCFA /* MovieDetailViewModel.swift */ = {isa = PBXFileReference; lastKnownFileType = sourcecode.swift; path = MovieDetailViewModel.swift; sourceTree = "<group>"; };
		44D6454D2875122E00B1CCFA /* MovieDetailView.xib */ = {isa = PBXFileReference; lastKnownFileType = file.xib; path = MovieDetailView.xib; sourceTree = "<group>"; };
		44DD8434287F959F0051E2B6 /* PopularMovie.swift */ = {isa = PBXFileReference; lastKnownFileType = sourcecode.swift; path = PopularMovie.swift; sourceTree = "<group>"; };
		44DD8443287FA28F0051E2B6 /* CallService.swift */ = {isa = PBXFileReference; lastKnownFileType = sourcecode.swift; path = CallService.swift; sourceTree = "<group>"; };
		44DD84462883768E0051E2B6 /* MovieDetail.swift */ = {isa = PBXFileReference; lastKnownFileType = sourcecode.swift; path = MovieDetail.swift; sourceTree = "<group>"; };
/* End PBXFileReference section */

/* Begin PBXFrameworksBuildPhase section */
		44D6450C287507CC00B1CCFA /* Frameworks */ = {
			isa = PBXFrameworksBuildPhase;
			buildActionMask = 2147483647;
			files = (
				44DD8432287F8FCC0051E2B6 /* Alamofire in Frameworks */,
			);
			runOnlyForDeploymentPostprocessing = 0;
		};
/* End PBXFrameworksBuildPhase section */

/* Begin PBXGroup section */
		44D64506287507CC00B1CCFA = {
			isa = PBXGroup;
			children = (
				44D64511287507CC00B1CCFA /* Movies App */,
				44D64510287507CC00B1CCFA /* Products */,
			);
			sourceTree = "<group>";
		};
		44D64510287507CC00B1CCFA /* Products */ = {
			isa = PBXGroup;
			children = (
				44D6450F287507CC00B1CCFA /* Movies App.app */,
			);
			name = Products;
			sourceTree = "<group>";
		};
		44D64511287507CC00B1CCFA /* Movies App */ = {
			isa = PBXGroup;
			children = (
				44D6452828750A1B00B1CCFA /* Config */,
				44D6452A28750A4300B1CCFA /* Resources */,
				44DD843A287F9F5C0051E2B6 /* Service */,
				44D6452F2875103900B1CCFA /* Source */,
			);
			path = "Movies App";
			sourceTree = "<group>";
		};
		44D6452828750A1B00B1CCFA /* Config */ = {
			isa = PBXGroup;
			children = (
				44D64512287507CC00B1CCFA /* AppDelegate.swift */,
				44D64514287507CC00B1CCFA /* SceneDelegate.swift */,
				44D64520287507CE00B1CCFA /* Info.plist */,
			);
			path = Config;
			sourceTree = "<group>";
		};
		44D6452A28750A4300B1CCFA /* Resources */ = {
			isa = PBXGroup;
			children = (
				44D6451B287507CE00B1CCFA /* Assets.xcassets */,
				44D6451D287507CE00B1CCFA /* LaunchScreen.storyboard */,
			);
			path = Resources;
			sourceTree = "<group>";
		};
		44D6452F2875103900B1CCFA /* Source */ = {
			isa = PBXGroup;
			children = (
				44D645322875105900B1CCFA /* Login */,
				44D645312875105500B1CCFA /* MovieList */,
				44D645302875105100B1CCFA /* MovieDetail */,
			);
			path = Source;
			sourceTree = "<group>";
		};
		44D645302875105100B1CCFA /* MovieDetail */ = {
			isa = PBXGroup;
			children = (
				44D645472875120700B1CCFA /* MovieDetailViewController.swift */,
				44D6454A2875121B00B1CCFA /* MovieDetailViewModel.swift */,
				44D6454D2875122E00B1CCFA /* MovieDetailView.xib */,
			);
			path = MovieDetail;
			sourceTree = "<group>";
		};
		44D645312875105500B1CCFA /* MovieList */ = {
			isa = PBXGroup;
			children = (
				44D6453E287511DB00B1CCFA /* MovieListViewController.swift */,
				44D64541287511EB00B1CCFA /* MovieListViewModel.swift */,
				44D64544287511F600B1CCFA /* MovieListView.xib */,
				44AAC96C287D018A004279BB /* MovieCell.swift */,
				44AAC96D287D018A004279BB /* MovieCell.xib */,
			);
			path = MovieList;
			sourceTree = "<group>";
		};
		44D645322875105900B1CCFA /* Login */ = {
			isa = PBXGroup;
			children = (
				44D645352875113900B1CCFA /* LoginViewController.swift */,
				44D645382875117B00B1CCFA /* LoginViewModel.swift */,
				44D6453B287511A400B1CCFA /* LoginView.xib */,
			);
			path = Login;
			sourceTree = "<group>";
		};
		44DD843A287F9F5C0051E2B6 /* Service */ = {
			isa = PBXGroup;
			children = (
				44DD8434287F959F0051E2B6 /* PopularMovie.swift */,
				44DD84462883768E0051E2B6 /* MovieDetail.swift */,
				44DD8443287FA28F0051E2B6 /* CallService.swift */,
			);
			path = Service;
			sourceTree = "<group>";
		};
/* End PBXGroup section */

/* Begin PBXNativeTarget section */
		44D6450E287507CC00B1CCFA /* Movies App */ = {
			isa = PBXNativeTarget;
			buildConfigurationList = 44D64523287507CE00B1CCFA /* Build configuration list for PBXNativeTarget "Movies App" */;
			buildPhases = (
				44D6450B287507CC00B1CCFA /* Sources */,
				44D6450C287507CC00B1CCFA /* Frameworks */,
				44D6450D287507CC00B1CCFA /* Resources */,
			);
			buildRules = (
			);
			dependencies = (
			);
			name = "Movies App";
			packageProductDependencies = (
				44DD8431287F8FCC0051E2B6 /* Alamofire */,
			);
			productName = "Movies App";
			productReference = 44D6450F287507CC00B1CCFA /* Movies App.app */;
			productType = "com.apple.product-type.application";
		};
/* End PBXNativeTarget section */

/* Begin PBXProject section */
		44D64507287507CC00B1CCFA /* Project object */ = {
			isa = PBXProject;
			attributes = {
				LastSwiftUpdateCheck = 1240;
				LastUpgradeCheck = 1240;
				TargetAttributes = {
					44D6450E287507CC00B1CCFA = {
						CreatedOnToolsVersion = 12.4;
					};
				};
			};
			buildConfigurationList = 44D6450A287507CC00B1CCFA /* Build configuration list for PBXProject "Movies App" */;
			compatibilityVersion = "Xcode 9.3";
			developmentRegion = en;
			hasScannedForEncodings = 0;
			knownRegions = (
				en,
				Base,
			);
			mainGroup = 44D64506287507CC00B1CCFA;
			packageReferences = (
				44DD8430287F8FCC0051E2B6 /* XCRemoteSwiftPackageReference "Alamofire" */,
			);
			productRefGroup = 44D64510287507CC00B1CCFA /* Products */;
			projectDirPath = "";
			projectRoot = "";
			targets = (
				44D6450E287507CC00B1CCFA /* Movies App */,
			);
		};
/* End PBXProject section */

/* Begin PBXResourcesBuildPhase section */
		44D6450D287507CC00B1CCFA /* Resources */ = {
			isa = PBXResourcesBuildPhase;
			buildActionMask = 2147483647;
			files = (
				44AAC96F287D018A004279BB /* MovieCell.xib in Resources */,
				44D6451F287507CE00B1CCFA /* LaunchScreen.storyboard in Resources */,
				44D64545287511F600B1CCFA /* MovieListView.xib in Resources */,
				44D6451C287507CE00B1CCFA /* Assets.xcassets in Resources */,
				44D6454E2875122E00B1CCFA /* MovieDetailView.xib in Resources */,
				44D6453C287511A400B1CCFA /* LoginView.xib in Resources */,
			);
			runOnlyForDeploymentPostprocessing = 0;
		};
/* End PBXResourcesBuildPhase section */

/* Begin PBXSourcesBuildPhase section */
		44D6450B287507CC00B1CCFA /* Sources */ = {
			isa = PBXSourcesBuildPhase;
			buildActionMask = 2147483647;
			files = (
				44D645392875117B00B1CCFA /* LoginViewModel.swift in Sources */,
				44D6453F287511DB00B1CCFA /* MovieListViewController.swift in Sources */,
				44AAC96E287D018A004279BB /* MovieCell.swift in Sources */,
				44DD84472883768E0051E2B6 /* MovieDetail.swift in Sources */,
				44D645362875113900B1CCFA /* LoginViewController.swift in Sources */,
				44DD8435287F959F0051E2B6 /* PopularMovie.swift in Sources */,
				44D64513287507CC00B1CCFA /* AppDelegate.swift in Sources */,
				44D6454B2875121B00B1CCFA /* MovieDetailViewModel.swift in Sources */,
				44D645482875120700B1CCFA /* MovieDetailViewController.swift in Sources */,
				44D64515287507CC00B1CCFA /* SceneDelegate.swift in Sources */,
				44D64542287511EB00B1CCFA /* MovieListViewModel.swift in Sources */,
				44DD8444287FA28F0051E2B6 /* CallService.swift in Sources */,
			);
			runOnlyForDeploymentPostprocessing = 0;
		};
/* End PBXSourcesBuildPhase section */

/* Begin PBXVariantGroup section */
		44D6451D287507CE00B1CCFA /* LaunchScreen.storyboard */ = {
			isa = PBXVariantGroup;
			children = (
				44D6451E287507CE00B1CCFA /* Base */,
			);
			name = LaunchScreen.storyboard;
			sourceTree = "<group>";
		};
/* End PBXVariantGroup section */

/* Begin XCBuildConfiguration section */
		44D64521287507CE00B1CCFA /* Debug */ = {
			isa = XCBuildConfiguration;
			buildSettings = {
				ALWAYS_SEARCH_USER_PATHS = NO;
				CLANG_ANALYZER_NONNULL = YES;
				CLANG_ANALYZER_NUMBER_OBJECT_CONVERSION = YES_AGGRESSIVE;
				CLANG_CXX_LANGUAGE_STANDARD = "gnu++14";
				CLANG_CXX_LIBRARY = "libc++";
				CLANG_ENABLE_MODULES = YES;
				CLANG_ENABLE_OBJC_ARC = YES;
				CLANG_ENABLE_OBJC_WEAK = YES;
				CLANG_WARN_BLOCK_CAPTURE_AUTORELEASING = YES;
				CLANG_WARN_BOOL_CONVERSION = YES;
				CLANG_WARN_COMMA = YES;
				CLANG_WARN_CONSTANT_CONVERSION = YES;
				CLANG_WARN_DEPRECATED_OBJC_IMPLEMENTATIONS = YES;
				CLANG_WARN_DIRECT_OBJC_ISA_USAGE = YES_ERROR;
				CLANG_WARN_DOCUMENTATION_COMMENTS = YES;
				CLANG_WARN_EMPTY_BODY = YES;
				CLANG_WARN_ENUM_CONVERSION = YES;
				CLANG_WARN_INFINITE_RECURSION = YES;
				CLANG_WARN_INT_CONVERSION = YES;
				CLANG_WARN_NON_LITERAL_NULL_CONVERSION = YES;
				CLANG_WARN_OBJC_IMPLICIT_RETAIN_SELF = YES;
				CLANG_WARN_OBJC_LITERAL_CONVERSION = YES;
				CLANG_WARN_OBJC_ROOT_CLASS = YES_ERROR;
				CLANG_WARN_QUOTED_INCLUDE_IN_FRAMEWORK_HEADER = YES;
				CLANG_WARN_RANGE_LOOP_ANALYSIS = YES;
				CLANG_WARN_STRICT_PROTOTYPES = YES;
				CLANG_WARN_SUSPICIOUS_MOVE = YES;
				CLANG_WARN_UNGUARDED_AVAILABILITY = YES_AGGRESSIVE;
				CLANG_WARN_UNREACHABLE_CODE = YES;
				CLANG_WARN__DUPLICATE_METHOD_MATCH = YES;
				COPY_PHASE_STRIP = NO;
				DEBUG_INFORMATION_FORMAT = dwarf;
				ENABLE_STRICT_OBJC_MSGSEND = YES;
				ENABLE_TESTABILITY = YES;
				GCC_C_LANGUAGE_STANDARD = gnu11;
				GCC_DYNAMIC_NO_PIC = NO;
				GCC_NO_COMMON_BLOCKS = YES;
				GCC_OPTIMIZATION_LEVEL = 0;
				GCC_PREPROCESSOR_DEFINITIONS = (
					"DEBUG=1",
					"$(inherited)",
				);
				GCC_WARN_64_TO_32_BIT_CONVERSION = YES;
				GCC_WARN_ABOUT_RETURN_TYPE = YES_ERROR;
				GCC_WARN_UNDECLARED_SELECTOR = YES;
				GCC_WARN_UNINITIALIZED_AUTOS = YES_AGGRESSIVE;
				GCC_WARN_UNUSED_FUNCTION = YES;
				GCC_WARN_UNUSED_VARIABLE = YES;
				IPHONEOS_DEPLOYMENT_TARGET = 14.4;
				MTL_ENABLE_DEBUG_INFO = INCLUDE_SOURCE;
				MTL_FAST_MATH = YES;
				ONLY_ACTIVE_ARCH = YES;
				SDKROOT = iphoneos;
				SWIFT_ACTIVE_COMPILATION_CONDITIONS = DEBUG;
				SWIFT_OPTIMIZATION_LEVEL = "-Onone";
			};
			name = Debug;
		};
		44D64522287507CE00B1CCFA /* Release */ = {
			isa = XCBuildConfiguration;
			buildSettings = {
				ALWAYS_SEARCH_USER_PATHS = NO;
				CLANG_ANALYZER_NONNULL = YES;
				CLANG_ANALYZER_NUMBER_OBJECT_CONVERSION = YES_AGGRESSIVE;
				CLANG_CXX_LANGUAGE_STANDARD = "gnu++14";
				CLANG_CXX_LIBRARY = "libc++";
				CLANG_ENABLE_MODULES = YES;
				CLANG_ENABLE_OBJC_ARC = YES;
				CLANG_ENABLE_OBJC_WEAK = YES;
				CLANG_WARN_BLOCK_CAPTURE_AUTORELEASING = YES;
				CLANG_WARN_BOOL_CONVERSION = YES;
				CLANG_WARN_COMMA = YES;
				CLANG_WARN_CONSTANT_CONVERSION = YES;
				CLANG_WARN_DEPRECATED_OBJC_IMPLEMENTATIONS = YES;
				CLANG_WARN_DIRECT_OBJC_ISA_USAGE = YES_ERROR;
				CLANG_WARN_DOCUMENTATION_COMMENTS = YES;
				CLANG_WARN_EMPTY_BODY = YES;
				CLANG_WARN_ENUM_CONVERSION = YES;
				CLANG_WARN_INFINITE_RECURSION = YES;
				CLANG_WARN_INT_CONVERSION = YES;
				CLANG_WARN_NON_LITERAL_NULL_CONVERSION = YES;
				CLANG_WARN_OBJC_IMPLICIT_RETAIN_SELF = YES;
				CLANG_WARN_OBJC_LITERAL_CONVERSION = YES;
				CLANG_WARN_OBJC_ROOT_CLASS = YES_ERROR;
				CLANG_WARN_QUOTED_INCLUDE_IN_FRAMEWORK_HEADER = YES;
				CLANG_WARN_RANGE_LOOP_ANALYSIS = YES;
				CLANG_WARN_STRICT_PROTOTYPES = YES;
				CLANG_WARN_SUSPICIOUS_MOVE = YES;
				CLANG_WARN_UNGUARDED_AVAILABILITY = YES_AGGRESSIVE;
				CLANG_WARN_UNREACHABLE_CODE = YES;
				CLANG_WARN__DUPLICATE_METHOD_MATCH = YES;
				COPY_PHASE_STRIP = NO;
				DEBUG_INFORMATION_FORMAT = "dwarf-with-dsym";
				ENABLE_NS_ASSERTIONS = NO;
				ENABLE_STRICT_OBJC_MSGSEND = YES;
				GCC_C_LANGUAGE_STANDARD = gnu11;
				GCC_NO_COMMON_BLOCKS = YES;
				GCC_WARN_64_TO_32_BIT_CONVERSION = YES;
				GCC_WARN_ABOUT_RETURN_TYPE = YES_ERROR;
				GCC_WARN_UNDECLARED_SELECTOR = YES;
				GCC_WARN_UNINITIALIZED_AUTOS = YES_AGGRESSIVE;
				GCC_WARN_UNUSED_FUNCTION = YES;
				GCC_WARN_UNUSED_VARIABLE = YES;
				IPHONEOS_DEPLOYMENT_TARGET = 14.4;
				MTL_ENABLE_DEBUG_INFO = NO;
				MTL_FAST_MATH = YES;
				SDKROOT = iphoneos;
				SWIFT_COMPILATION_MODE = wholemodule;
				SWIFT_OPTIMIZATION_LEVEL = "-O";
				VALIDATE_PRODUCT = YES;
			};
			name = Release;
		};
		44D64524287507CE00B1CCFA /* Debug */ = {
			isa = XCBuildConfiguration;
			buildSettings = {
				ASSETCATALOG_COMPILER_APPICON_NAME = AppIcon;
				ASSETCATALOG_COMPILER_GLOBAL_ACCENT_COLOR_NAME = AccentColor;
				CODE_SIGN_STYLE = Automatic;
				DEVELOPMENT_TEAM = 3HV4TUBH4W;
				INFOPLIST_FILE = "Movies App/Config/Info.plist";
				LD_RUNPATH_SEARCH_PATHS = (
					"$(inherited)",
					"@executable_path/Frameworks",
				);
				PRODUCT_BUNDLE_IDENTIFIER = "com.junadev.Movies-App";
				PRODUCT_NAME = "$(TARGET_NAME)";
				SWIFT_VERSION = 5.0;
				TARGETED_DEVICE_FAMILY = "1,2";
			};
			name = Debug;
		};
		44D64525287507CE00B1CCFA /* Release */ = {
			isa = XCBuildConfiguration;
			buildSettings = {
				ASSETCATALOG_COMPILER_APPICON_NAME = AppIcon;
				ASSETCATALOG_COMPILER_GLOBAL_ACCENT_COLOR_NAME = AccentColor;
				CODE_SIGN_STYLE = Automatic;
				DEVELOPMENT_TEAM = 3HV4TUBH4W;
				INFOPLIST_FILE = "Movies App/Config/Info.plist";
				LD_RUNPATH_SEARCH_PATHS = (
					"$(inherited)",
					"@executable_path/Frameworks",
				);
				PRODUCT_BUNDLE_IDENTIFIER = "com.junadev.Movies-App";
				PRODUCT_NAME = "$(TARGET_NAME)";
				SWIFT_VERSION = 5.0;
				TARGETED_DEVICE_FAMILY = "1,2";
			};
			name = Release;
		};
/* End XCBuildConfiguration section */

/* Begin XCConfigurationList section */
		44D6450A287507CC00B1CCFA /* Build configuration list for PBXProject "Movies App" */ = {
			isa = XCConfigurationList;
			buildConfigurations = (
				44D64521287507CE00B1CCFA /* Debug */,
				44D64522287507CE00B1CCFA /* Release */,
			);
			defaultConfigurationIsVisible = 0;
			defaultConfigurationName = Release;
		};
		44D64523287507CE00B1CCFA /* Build configuration list for PBXNativeTarget "Movies App" */ = {
			isa = XCConfigurationList;
			buildConfigurations = (
				44D64524287507CE00B1CCFA /* Debug */,
				44D64525287507CE00B1CCFA /* Release */,
			);
			defaultConfigurationIsVisible = 0;
			defaultConfigurationName = Release;
		};
/* End XCConfigurationList section */

/* Begin XCRemoteSwiftPackageReference section */
		44DD8430287F8FCC0051E2B6 /* XCRemoteSwiftPackageReference "Alamofire" */ = {
			isa = XCRemoteSwiftPackageReference;
			repositoryURL = "https://github.com/Alamofire/Alamofire";
			requirement = {
				kind = upToNextMajorVersion;
				minimumVersion = 5.6.1;
			};
		};
/* End XCRemoteSwiftPackageReference section */

/* Begin XCSwiftPackageProductDependency section */
		44DD8431287F8FCC0051E2B6 /* Alamofire */ = {
			isa = XCSwiftPackageProductDependency;
			package = 44DD8430287F8FCC0051E2B6 /* XCRemoteSwiftPackageReference "Alamofire" */;
			productName = Alamofire;
		};
/* End XCSwiftPackageProductDependency section */
	};
	rootObject = 44D64507287507CC00B1CCFA /* Project object */;
}
